lockfileVersion: '9.0'

settings:
  autoInstallPeers: true
  excludeLinksFromLockfile: false

patchedDependencies:
  is-odd@3.0.1:
    hash: ea89d9e5048e04a46df7af871235c6cee055a552ddaaca0a6071e06d63ac65c1
    path: patches/is-odd@3.0.1.patch

importers:

  .:
    devDependencies:
      turbo:
        specifier: 2.8.18-canary.24
        version: 2.8.18-canary.24

  apps/web:
    dependencies:
      '@repo/shared':
        specifier: workspace:*
        version: link:../../packages/shared

  packages/shared:
    dependencies:
      is-odd:
        specifier: 3.0.1
        version: 3.0.1(patch_hash=ea89d9e5048e04a46df7af871235c6cee055a552ddaaca0a6071e06d63ac65c1)

packages:

  '@turbo/darwin-64@2.8.18-canary.24':
    resolution: {integrity: sha512-lB2uUzutZFtizBrclKj2/otke7z0YYNyQfmPuQOcLfz91zpfwclOdBL3+jik9wEQCZvWtpYulBA1S7ATVXvccA==}
    cpu: [x64]
    os: [darwin]

  '@turbo/darwin-arm64@2.8.18-canary.24':
    resolution: {integrity: sha512-DhO+4Yu0nmiJuBKzmw5Az/sTrTB1qA5Hzr3EvNAFAiZh0gXMwSv1f93JneSFmblaO03wqctG5702aYlLaKLamw==}
    cpu: [arm64]
    os: [darwin]

  '@turbo/linux-64@2.8.18-canary.24':
    resolution: {integrity: sha512-QMiGMtbB8bwlLvzhHAjlqSy5NA7XnojQgvXHEnaOQhQPFvjh9DAFXLUR1gc7oDBGZJsuBaNCSybVM+ywaKD7Tg==}
    cpu: [x64]
    os: [linux]

  '@turbo/linux-arm64@2.8.18-canary.24':
    resolution: {integrity: sha512-BKdTWk752Zd9nsjxG5oRB5Codv1c9+/pJ/jh1NI0q3/KUZCAncyMNDCJbEioE4+UdD4WMBO3s5TR4QUzv0gYSA==}
    cpu: [arm64]
    os: [linux]

  '@turbo/windows-64@2.8.18-canary.24':
    resolution: {integrity: sha512-A8pP9eJnx9UzFAnqfpcVejzNF3bGRfUyd9JWQjKcUOGdNeCNkynB1MxZ63tCD9ks41eenCHkP4I3VyE6C/Kfbg==}
    cpu: [x64]
    os: [win32]

  '@turbo/windows-arm64@2.8.18-canary.24':
    resolution: {integrity: sha512-hSIBweYnfu2BLsgw1yVKZXR75iXTKOHSKxjP+IZ+G2+Fv0s2pk/kcEfsW7WItX+pfYpK5J0JqXIULYoGOjxZaw==}
    cpu: [arm64]
    os: [win32]

  is-number@6.0.0:
    resolution: {integrity: sha512-Wu1VHeILBK8KAWJUAiSZQX94GmOE45Rg6/538fKwiloUu21KncEkYGPqob2oSZ5mUT73vLGrHQjKw3KMPwfDzg==}
    engines: {node: '>=0.10.0'}

  is-odd@3.0.1:
    resolution: {integrity: sha512-CQpnWPrDwmP1+SMHXZhtLtJv90yiyVfluGsX5iNCVkrhQtU3TQHsUWPG9wkdk9Lgd5yNpAg9jQEo90CBaXgWMA==}
    engines: {node: '>=4'}

  turbo@2.8.18-canary.24:
    resolution: {integrity: sha512-NS0IFeRVLKC2iYHHmB2C5LqaxSsajhjQ/N2uhXWY77M8YLGmF9rWNquCdiaAzKg65z+6PhMLL9yQhqBW7MjvSg==}
    hasBin: true

snapshots:

  '@turbo/darwin-64@2.8.18-canary.24':
    optional: true

  '@turbo/darwin-arm64@2.8.18-canary.24':
    optional: true

  '@turbo/linux-64@2.8.18-canary.24':
    optional: true

  '@turbo/linux-arm64@2.8.18-canary.24':
    optional: true

  '@turbo/windows-64@2.8.18-canary.24':
    optional: true

  '@turbo/windows-arm64@2.8.18-canary.24':
    optional: true

  is-number@6.0.0: {}

  is-odd@3.0.1(patch_hash=ea89d9e5048e04a46df7af871235c6cee055a552ddaaca0a6071e06d63ac65c1):
    dependencies:
      is-number: 6.0.0

  turbo@2.8.18-canary.24:
    optionalDependencies:
      '@turbo/darwin-64': 2.8.18-canary.24
      '@turbo/darwin-arm64': 2.8.18-canary.24
      '@turbo/linux-64': 2.8.18-canary.24
      '@turbo/linux-arm64': 2.8.18-canary.24
      '@turbo/windows-64': 2.8.18-canary.24
      '@turbo/windows-arm64': 2.8.18-canary.24
